PODS:
  - Alamofire (3.1.5)
  - AlamofireImage (2.3.0):
    - Alamofire (~> 3.1)
  - Crashlytics (3.6.0):
    - Fabric (~> 1.6.3)
  - Fabric (1.6.4)
  - Mixpanel (2.9.2):
    - Mixpanel/Mixpanel (= 2.9.2)
  - Mixpanel/Mixpanel (2.9.2)
  - SwiftyJSON (2.3.2)
  - TTTAttributedLabel (1.13.4)

DEPENDENCIES:
  - Alamofire (~> 3.0)
  - AlamofireImage (~> 2.0)
  - Crashlytics
  - Fabric
  - Mixpanel
  - SwiftyJSON (~> 2.0)
  - TTTAttributedLabel

SPEC CHECKSUMS:
  Alamofire: 5f730ba29fd113b7ddd71c1e65d0c630acf5d7b0
  AlamofireImage: 4013fb5b99b10117bf2554a67b9bd2231d476b45
  Crashlytics: e4e8d02914f2608fbc7bf42b1a7af838b0db67a2
  Fabric: ed41fd62173c6bdea24ab02c9d7707161eabb750
  Mixpanel: 62a6b9904e97d5d3043c12a062deb408b2b9755f
  SwiftyJSON: 04ccea08915aa0109039157c7974cf0298da292a
  TTTAttributedLabel: 0a2ac7b2dd726d32a070dafb01446026b11e624f

PODFILE CHECKSUM: caf68586f9259a27187a2136ab831904bb0079c7

COCOAPODS: 1.0.0.beta.3
