// !$*UTF8*$!
{
	archiveVersion = 1;
	classes = {
	};
	objectVersion = 46;
	objects = {

/* Begin PBXBuildFile section */
		2FE284E3F51202D57B6D237E /* Pods_GOOD_FridaysUITests.framework in Frameworks */ = {isa = PBXBuildFile; fileRef = 8D10010CE02EB9838C65E546 /* Pods_GOOD_FridaysUITests.framework */; };
		38D3E1DCEF012EF4AB4FF761 /* Pods_GOOD_FridaysTests.framework in Frameworks */ = {isa = PBXBuildFile; fileRef = 2AF1CEA6C7F7F4313C60F0B6 /* Pods_GOOD_FridaysTests.framework */; };
		6515EC121C57444B00783D35 /* TrackCollectionViewController.swift in Sources */ = {isa = PBXBuildFile; fileRef = 6515EC111C57444B00783D35 /* TrackCollectionViewController.swift */; };
		6515EC161C5749CD00783D35 /* TrackCollectionViewCell.swift in Sources */ = {isa = PBXBuildFile; fileRef = 6515EC151C5749CD00783D35 /* TrackCollectionViewCell.swift */; };
		6516BBCF1C50636E005F6C83 /* TrackPageViewController.swift in Sources */ = {isa = PBXBuildFile; fileRef = 6516BBCE1C50636E005F6C83 /* TrackPageViewController.swift */; };
		6516BBD11C5065A8005F6C83 /* TrackViewController.swift in Sources */ = {isa = PBXBuildFile; fileRef = 6516BBD01C5065A8005F6C83 /* TrackViewController.swift */; };
		6530575C1C4F77240067A1A3 /* AppDelegate.swift in Sources */ = {isa = PBXBuildFile; fileRef = 6530575B1C4F77240067A1A3 /* AppDelegate.swift */; };
		653057611C4F77250067A1A3 /* Main.storyboard in Resources */ = {isa = PBXBuildFile; fileRef = 6530575F1C4F77250067A1A3 /* Main.storyboard */; };
		653057631C4F77250067A1A3 /* Assets.xcassets in Resources */ = {isa = PBXBuildFile; fileRef = 653057621C4F77250067A1A3 /* Assets.xcassets */; };
		653057661C4F77250067A1A3 /* LaunchScreen.storyboard in Resources */ = {isa = PBXBuildFile; fileRef = 653057641C4F77250067A1A3 /* LaunchScreen.storyboard */; };
		653057711C4F77250067A1A3 /* GOOD_FridaysTests.swift in Sources */ = {isa = PBXBuildFile; fileRef = 653057701C4F77250067A1A3 /* GOOD_FridaysTests.swift */; };
		6530577C1C4F77250067A1A3 /* GOOD_FridaysUITests.swift in Sources */ = {isa = PBXBuildFile; fileRef = 6530577B1C4F77250067A1A3 /* GOOD_FridaysUITests.swift */; };
		65EE70461C5711C900E377CC /* Global.swift in Sources */ = {isa = PBXBuildFile; fileRef = 65EE70451C5711C900E377CC /* Global.swift */; };
		A324159E8C17CEA2DBD71333 /* Pods_GOOD_Fridays.framework in Frameworks */ = {isa = PBXBuildFile; fileRef = 4B3E81355766822F715A5DF9 /* Pods_GOOD_Fridays.framework */; };
/* End PBXBuildFile section */

/* Begin PBXContainerItemProxy section */
		6530576D1C4F77250067A1A3 /* PBXContainerItemProxy */ = {
			isa = PBXContainerItemProxy;
			containerPortal = 653057501C4F77240067A1A3 /* Project object */;
			proxyType = 1;
			remoteGlobalIDString = 653057571C4F77240067A1A3;
			remoteInfo = "GOOD Fridays";
		};
		653057781C4F77250067A1A3 /* PBXContainerItemProxy */ = {
			isa = PBXContainerItemProxy;
			containerPortal = 653057501C4F77240067A1A3 /* Project object */;
			proxyType = 1;
			remoteGlobalIDString = 653057571C4F77240067A1A3;
			remoteInfo = "GOOD Fridays";
		};
/* End PBXContainerItemProxy section */

/* Begin PBXFileReference section */
		0F7CC94329E6EBA8F75858D7 /* Pods-GOOD Fridays.release.xcconfig */ = {isa = PBXFileReference; includeInIndex = 1; lastKnownFileType = text.xcconfig; name = "Pods-GOOD Fridays.release.xcconfig"; path = "Pods/Target Support Files/Pods-GOOD Fridays/Pods-GOOD Fridays.release.xcconfig"; sourceTree = "<group>"; };
		23623987D627B8D8CB1AD7D4 /* Pods-GOOD FridaysUITests.release.xcconfig */ = {isa = PBXFileReference; includeInIndex = 1; lastKnownFileType = text.xcconfig; name = "Pods-GOOD FridaysUITests.release.xcconfig"; path = "Pods/Target Support Files/Pods-GOOD FridaysUITests/Pods-GOOD FridaysUITests.release.xcconfig"; sourceTree = "<group>"; };
		2AF1CEA6C7F7F4313C60F0B6 /* Pods_GOOD_FridaysTests.framework */ = {isa = PBXFileReference; explicitFileType = wrapper.framework; includeInIndex = 0; path = Pods_GOOD_FridaysTests.framework; sourceTree = BUILT_PRODUCTS_DIR; };
		422A15B07FB3964F5F2F78E0 /* Pods-GOOD FridaysTests.release.xcconfig */ = {isa = PBXFileReference; includeInIndex = 1; lastKnownFileType = text.xcconfig; name = "Pods-GOOD FridaysTests.release.xcconfig"; path = "Pods/Target Support Files/Pods-GOOD FridaysTests/Pods-GOOD FridaysTests.release.xcconfig"; sourceTree = "<group>"; };
		4B3E81355766822F715A5DF9 /* Pods_GOOD_Fridays.framework */ = {isa = PBXFileReference; explicitFileType = wrapper.framework; includeInIndex = 0; path = Pods_GOOD_Fridays.framework; sourceTree = BUILT_PRODUCTS_DIR; };
		6515EC111C57444B00783D35 /* TrackCollectionViewController.swift */ = {isa = PBXFileReference; fileEncoding = 4; lastKnownFileType = sourcecode.swift; path = TrackCollectionViewController.swift; sourceTree = "<group>"; };
		6515EC151C5749CD00783D35 /* TrackCollectionViewCell.swift */ = {isa = PBXFileReference; fileEncoding = 4; lastKnownFileType = sourcecode.swift; path = TrackCollectionViewCell.swift; sourceTree = "<group>"; };
		6516BBCE1C50636E005F6C83 /* TrackPageViewController.swift */ = {isa = PBXFileReference; fileEncoding = 4; lastKnownFileType = sourcecode.swift; path = TrackPageViewController.swift; sourceTree = "<group>"; };
		6516BBD01C5065A8005F6C83 /* TrackViewController.swift */ = {isa = PBXFileReference; fileEncoding = 4; lastKnownFileType = sourcecode.swift; path = TrackViewController.swift; sourceTree = "<group>"; };
		653057581C4F77240067A1A3 /* GOOD Fridays.app */ = {isa = PBXFileReference; explicitFileType = wrapper.application; includeInIndex = 0; path = "GOOD Fridays.app"; sourceTree = BUILT_PRODUCTS_DIR; };
		6530575B1C4F77240067A1A3 /* AppDelegate.swift */ = {isa = PBXFileReference; lastKnownFileType = sourcecode.swift; path = AppDelegate.swift; sourceTree = "<group>"; };
		653057601C4F77250067A1A3 /* Base */ = {isa = PBXFileReference; lastKnownFileType = file.storyboard; name = Base; path = Base.lproj/Main.storyboard; sourceTree = "<group>"; };
		653057621C4F77250067A1A3 /* Assets.xcassets */ = {isa = PBXFileReference; lastKnownFileType = folder.assetcatalog; path = Assets.xcassets; sourceTree = "<group>"; };
		653057651C4F77250067A1A3 /* Base */ = {isa = PBXFileReference; lastKnownFileType = file.storyboard; name = Base; path = Base.lproj/LaunchScreen.storyboard; sourceTree = "<group>"; };
		653057671C4F77250067A1A3 /* Info.plist */ = {isa = PBXFileReference; lastKnownFileType = text.plist.xml; path = Info.plist; sourceTree = "<group>"; };
		6530576C1C4F77250067A1A3 /* GOOD FridaysTests.xctest */ = {isa = PBXFileReference; explicitFileType = wrapper.cfbundle; includeInIndex = 0; path = "GOOD FridaysTests.xctest"; sourceTree = BUILT_PRODUCTS_DIR; };
		653057701C4F77250067A1A3 /* GOOD_FridaysTests.swift */ = {isa = PBXFileReference; lastKnownFileType = sourcecode.swift; path = GOOD_FridaysTests.swift; sourceTree = "<group>"; };
		653057721C4F77250067A1A3 /* Info.plist */ = {isa = PBXFileReference; lastKnownFileType = text.plist.xml; path = Info.plist; sourceTree = "<group>"; };
		653057771C4F77250067A1A3 /* GOOD FridaysUITests.xctest */ = {isa = PBXFileReference; explicitFileType = wrapper.cfbundle; includeInIndex = 0; path = "GOOD FridaysUITests.xctest"; sourceTree = BUILT_PRODUCTS_DIR; };
		6530577B1C4F77250067A1A3 /* GOOD_FridaysUITests.swift */ = {isa = PBXFileReference; lastKnownFileType = sourcecode.swift; path = GOOD_FridaysUITests.swift; sourceTree = "<group>"; };
		6530577D1C4F77250067A1A3 /* Info.plist */ = {isa = PBXFileReference; lastKnownFileType = text.plist.xml; path = Info.plist; sourceTree = "<group>"; };
		65774A8A1C5B777E000651D4 /* GOOD-Fridays-Bridging-Header.h */ = {isa = PBXFileReference; lastKnownFileType = sourcecode.c.h; path = "GOOD-Fridays-Bridging-Header.h"; sourceTree = "<group>"; };
		65EE70451C5711C900E377CC /* Global.swift */ = {isa = PBXFileReference; fileEncoding = 4; lastKnownFileType = sourcecode.swift; path = Global.swift; sourceTree = "<group>"; };
		7EAFA7309F760FFE21BE9826 /* Pods-GOOD FridaysTests.debug.xcconfig */ = {isa = PBXFileReference; includeInIndex = 1; lastKnownFileType = text.xcconfig; name = "Pods-GOOD FridaysTests.debug.xcconfig"; path = "Pods/Target Support Files/Pods-GOOD FridaysTests/Pods-GOOD FridaysTests.debug.xcconfig"; sourceTree = "<group>"; };
		8D10010CE02EB9838C65E546 /* Pods_GOOD_FridaysUITests.framework */ = {isa = PBXFileReference; explicitFileType = wrapper.framework; includeInIndex = 0; path = Pods_GOOD_FridaysUITests.framework; sourceTree = BUILT_PRODUCTS_DIR; };
		8E987C572166F0DB80BEEB9E /* Pods-GOOD FridaysUITests.debug.xcconfig */ = {isa = PBXFileReference; includeInIndex = 1; lastKnownFileType = text.xcconfig; name = "Pods-GOOD FridaysUITests.debug.xcconfig"; path = "Pods/Target Support Files/Pods-GOOD FridaysUITests/Pods-GOOD FridaysUITests.debug.xcconfig"; sourceTree = "<group>"; };
		B383EC58B30252841D7FE294 /* Pods-GOOD Fridays.debug.xcconfig */ = {isa = PBXFileReference; includeInIndex = 1; lastKnownFileType = text.xcconfig; name = "Pods-GOOD Fridays.debug.xcconfig"; path = "Pods/Target Support Files/Pods-GOOD Fridays/Pods-GOOD Fridays.debug.xcconfig"; sourceTree = "<group>"; };
/* End PBXFileReference section */

/* Begin PBXFrameworksBuildPhase section */
		653057551C4F77240067A1A3 /* Frameworks */ = {
			isa = PBXFrameworksBuildPhase;
			buildActionMask = 2147483647;
			files = (
				A324159E8C17CEA2DBD71333 /* Pods_GOOD_Fridays.framework in Frameworks */,
			);
			runOnlyForDeploymentPostprocessing = 0;
		};
		653057691C4F77250067A1A3 /* Frameworks */ = {
			isa = PBXFrameworksBuildPhase;
			buildActionMask = 2147483647;
			files = (
				38D3E1DCEF012EF4AB4FF761 /* Pods_GOOD_FridaysTests.framework in Frameworks */,
			);
			runOnlyForDeploymentPostprocessing = 0;
		};
		653057741C4F77250067A1A3 /* Frameworks */ = {
			isa = PBXFrameworksBuildPhase;
			buildActionMask = 2147483647;
			files = (
				2FE284E3F51202D57B6D237E /* Pods_GOOD_FridaysUITests.framework in Frameworks */,
			);
			runOnlyForDeploymentPostprocessing = 0;
		};
/* End PBXFrameworksBuildPhase section */

/* Begin PBXGroup section */
		23768EBDE7E8F32C8E4FF0FA /* Frameworks */ = {
			isa = PBXGroup;
			children = (
				4B3E81355766822F715A5DF9 /* Pods_GOOD_Fridays.framework */,
				2AF1CEA6C7F7F4313C60F0B6 /* Pods_GOOD_FridaysTests.framework */,
				8D10010CE02EB9838C65E546 /* Pods_GOOD_FridaysUITests.framework */,
			);
			name = Frameworks;
			sourceTree = "<group>";
		};
		5297109B789872F90B120743 /* Pods */ = {
			isa = PBXGroup;
			children = (
				B383EC58B30252841D7FE294 /* Pods-GOOD Fridays.debug.xcconfig */,
				0F7CC94329E6EBA8F75858D7 /* Pods-GOOD Fridays.release.xcconfig */,
				7EAFA7309F760FFE21BE9826 /* Pods-GOOD FridaysTests.debug.xcconfig */,
				422A15B07FB3964F5F2F78E0 /* Pods-GOOD FridaysTests.release.xcconfig */,
				8E987C572166F0DB80BEEB9E /* Pods-GOOD FridaysUITests.debug.xcconfig */,
				23623987D627B8D8CB1AD7D4 /* Pods-GOOD FridaysUITests.release.xcconfig */,
			);
			name = Pods;
			sourceTree = "<group>";
		};
		6515EC101C57434E00783D35 /* ViewControllers */ = {
			isa = PBXGroup;
			children = (
				6515EC111C57444B00783D35 /* TrackCollectionViewController.swift */,
				6516BBCE1C50636E005F6C83 /* TrackPageViewController.swift */,
				6516BBD01C5065A8005F6C83 /* TrackViewController.swift */,
			);
			name = ViewControllers;
			sourceTree = "<group>";
		};
		6515EC131C57496F00783D35 /* Views */ = {
			isa = PBXGroup;
			children = (
				6515EC141C57497600783D35 /* CollectionViewCells */,
			);
			name = Views;
			sourceTree = "<group>";
		};
		6515EC141C57497600783D35 /* CollectionViewCells */ = {
			isa = PBXGroup;
			children = (
				6515EC151C5749CD00783D35 /* TrackCollectionViewCell.swift */,
			);
			name = CollectionViewCells;
			sourceTree = "<group>";
		};
		6530574F1C4F77240067A1A3 = {
			isa = PBXGroup;
			children = (
				6530575A1C4F77240067A1A3 /* GOOD Fridays */,
				6530576F1C4F77250067A1A3 /* GOOD FridaysTests */,
				6530577A1C4F77250067A1A3 /* GOOD FridaysUITests */,
				653057591C4F77240067A1A3 /* Products */,
				5297109B789872F90B120743 /* Pods */,
				23768EBDE7E8F32C8E4FF0FA /* Frameworks */,
			);
			sourceTree = "<group>";
		};
		653057591C4F77240067A1A3 /* Products */ = {
			isa = PBXGroup;
			children = (
				653057581C4F77240067A1A3 /* GOOD Fridays.app */,
				6530576C1C4F77250067A1A3 /* GOOD FridaysTests.xctest */,
				653057771C4F77250067A1A3 /* GOOD FridaysUITests.xctest */,
			);
			name = Products;
			sourceTree = "<group>";
		};
		6530575A1C4F77240067A1A3 /* GOOD Fridays */ = {
			isa = PBXGroup;
			children = (
				6515EC131C57496F00783D35 /* Views */,
				6515EC101C57434E00783D35 /* ViewControllers */,
				65EE70451C5711C900E377CC /* Global.swift */,
				6530575B1C4F77240067A1A3 /* AppDelegate.swift */,
				6530575F1C4F77250067A1A3 /* Main.storyboard */,
				653057621C4F77250067A1A3 /* Assets.xcassets */,
				653057641C4F77250067A1A3 /* LaunchScreen.storyboard */,
				653057671C4F77250067A1A3 /* Info.plist */,
				65774A8A1C5B777E000651D4 /* GOOD-Fridays-Bridging-Header.h */,
			);
			path = "GOOD Fridays";
			sourceTree = "<group>";
		};
		6530576F1C4F77250067A1A3 /* GOOD FridaysTests */ = {
			isa = PBXGroup;
			children = (
				653057701C4F77250067A1A3 /* GOOD_FridaysTests.swift */,
				653057721C4F77250067A1A3 /* Info.plist */,
			);
			path = "GOOD FridaysTests";
			sourceTree = "<group>";
		};
		6530577A1C4F77250067A1A3 /* GOOD FridaysUITests */ = {
			isa = PBXGroup;
			children = (
				6530577B1C4F77250067A1A3 /* GOOD_FridaysUITests.swift */,
				6530577D1C4F77250067A1A3 /* Info.plist */,
			);
			path = "GOOD FridaysUITests";
			sourceTree = "<group>";
		};
/* End PBXGroup section */

/* Begin PBXNativeTarget section */
		653057571C4F77240067A1A3 /* GOOD Fridays */ = {
			isa = PBXNativeTarget;
			buildConfigurationList = 653057801C4F77250067A1A3 /* Build configuration list for PBXNativeTarget "GOOD Fridays" */;
			buildPhases = (
				83D0BA02DFE4A6B3E9123B7B /* Check Pods Manifest.lock */,
				653057541C4F77240067A1A3 /* Sources */,
				653057551C4F77240067A1A3 /* Frameworks */,
				653057561C4F77240067A1A3 /* Resources */,
				65774A891C5B581F000651D4 /* ShellScript */,
				173B32AA6F2E8630083489CE /* Embed Pods Frameworks */,
				33E4D41FEEE7606F9B21B6B3 /* Copy Pods Resources */,
			);
			buildRules = (
			);
			dependencies = (
			);
			name = "GOOD Fridays";
			productName = "GOOD Fridays";
			productReference = 653057581C4F77240067A1A3 /* GOOD Fridays.app */;
			productType = "com.apple.product-type.application";
		};
		6530576B1C4F77250067A1A3 /* GOOD FridaysTests */ = {
			isa = PBXNativeTarget;
			buildConfigurationList = 653057831C4F77250067A1A3 /* Build configuration list for PBXNativeTarget "GOOD FridaysTests" */;
			buildPhases = (
				0AF005E89F18C3003AA31950 /* Check Pods Manifest.lock */,
				653057681C4F77250067A1A3 /* Sources */,
				653057691C4F77250067A1A3 /* Frameworks */,
				6530576A1C4F77250067A1A3 /* Resources */,
				EA1EB06E64E04D117C687AFB /* Embed Pods Frameworks */,
				6EDD2F9AE0B650F15FB82587 /* Copy Pods Resources */,
			);
			buildRules = (
			);
			dependencies = (
				6530576E1C4F77250067A1A3 /* PBXTargetDependency */,
			);
			name = "GOOD FridaysTests";
			productName = "GOOD FridaysTests";
			productReference = 6530576C1C4F77250067A1A3 /* GOOD FridaysTests.xctest */;
			productType = "com.apple.product-type.bundle.unit-test";
		};
		653057761C4F77250067A1A3 /* GOOD FridaysUITests */ = {
			isa = PBXNativeTarget;
			buildConfigurationList = 653057861C4F77250067A1A3 /* Build configuration list for PBXNativeTarget "GOOD FridaysUITests" */;
			buildPhases = (
				6CF10A399C60E5522685575F /* Check Pods Manifest.lock */,
				653057731C4F77250067A1A3 /* Sources */,
				653057741C4F77250067A1A3 /* Frameworks */,
				653057751C4F77250067A1A3 /* Resources */,
				ECB39F3C46CD4C443DE6EE4B /* Copy Pods Resources */,
			);
			buildRules = (
			);
			dependencies = (
				653057791C4F77250067A1A3 /* PBXTargetDependency */,
			);
			name = "GOOD FridaysUITests";
			productName = "GOOD FridaysUITests";
			productReference = 653057771C4F77250067A1A3 /* GOOD FridaysUITests.xctest */;
			productType = "com.apple.product-type.bundle.ui-testing";
		};
/* End PBXNativeTarget section */

/* Begin PBXProject section */
		653057501C4F77240067A1A3 /* Project object */ = {
			isa = PBXProject;
			attributes = {
				LastSwiftUpdateCheck = 0720;
				LastUpgradeCheck = 0720;
				ORGANIZATIONNAME = "The Soap Collective";
				TargetAttributes = {
					653057571C4F77240067A1A3 = {
						CreatedOnToolsVersion = 7.2;
						DevelopmentTeam = 2B64D32Y57;
						SystemCapabilities = {
							com.apple.BackgroundModes = {
								enabled = 1;
							};
							com.apple.Push = {
								enabled = 1;
							};
						};
					};
					6530576B1C4F77250067A1A3 = {
						CreatedOnToolsVersion = 7.2;
						TestTargetID = 653057571C4F77240067A1A3;
					};
					653057761C4F77250067A1A3 = {
						CreatedOnToolsVersion = 7.2;
						TestTargetID = 653057571C4F77240067A1A3;
					};
				};
			};
			buildConfigurationList = 653057531C4F77240067A1A3 /* Build configuration list for PBXProject "GOOD Fridays" */;
			compatibilityVersion = "Xcode 3.2";
			developmentRegion = English;
			hasScannedForEncodings = 0;
			knownRegions = (
				en,
				Base,
			);
			mainGroup = 6530574F1C4F77240067A1A3;
			productRefGroup = 653057591C4F77240067A1A3 /* Products */;
			projectDirPath = "";
			projectRoot = "";
			targets = (
				653057571C4F77240067A1A3 /* GOOD Fridays */,
				6530576B1C4F77250067A1A3 /* GOOD FridaysTests */,
				653057761C4F77250067A1A3 /* GOOD FridaysUITests */,
			);
		};
/* End PBXProject section */

/* Begin PBXResourcesBuildPhase section */
		653057561C4F77240067A1A3 /* Resources */ = {
			isa = PBXResourcesBuildPhase;
			buildActionMask = 2147483647;
			files = (
				653057661C4F77250067A1A3 /* LaunchScreen.storyboard in Resources */,
				653057631C4F77250067A1A3 /* Assets.xcassets in Resources */,
				653057611C4F77250067A1A3 /* Main.storyboard in Resources */,
			);
			runOnlyForDeploymentPostprocessing = 0;
		};
		6530576A1C4F77250067A1A3 /* Resources */ = {
			isa = PBXResourcesBuildPhase;
			buildActionMask = 2147483647;
			files = (
			);
			runOnlyForDeploymentPostprocessing = 0;
		};
		653057751C4F77250067A1A3 /* Resources */ = {
			isa = PBXResourcesBuildPhase;
			buildActionMask = 2147483647;
			files = (
			);
			runOnlyForDeploymentPostprocessing = 0;
		};
/* End PBXResourcesBuildPhase section */

/* Begin PBXShellScriptBuildPhase section */
		0AF005E89F18C3003AA31950 /* Check Pods Manifest.lock */ = {
			isa = PBXShellScriptBuildPhase;
			buildActionMask = 2147483647;
			files = (
			);
			inputPaths = (
			);
			name = "Check Pods Manifest.lock";
			outputPaths = (
			);
			runOnlyForDeploymentPostprocessing = 0;
			shellPath = /bin/sh;
			shellScript = "diff \"${PODS_ROOT}/../Podfile.lock\" \"${PODS_ROOT}/Manifest.lock\" > /dev/null\nif [[ $? != 0 ]] ; then\n    cat << EOM\nerror: The sandbox is not in sync with the Podfile.lock. Run 'pod install' or update your CocoaPods installation.\nEOM\n    exit 1\nfi\n";
			showEnvVarsInLog = 0;
		};
		173B32AA6F2E8630083489CE /* Embed Pods Frameworks */ = {
			isa = PBXShellScriptBuildPhase;
			buildActionMask = 2147483647;
			files = (
			);
			inputPaths = (
			);
			name = "Embed Pods Frameworks";
			outputPaths = (
			);
			runOnlyForDeploymentPostprocessing = 0;
			shellPath = /bin/sh;
			shellScript = "\"${SRCROOT}/Pods/Target Support Files/Pods-GOOD Fridays/Pods-GOOD Fridays-frameworks.sh\"\n";
			showEnvVarsInLog = 0;
		};
		33E4D41FEEE7606F9B21B6B3 /* Copy Pods Resources */ = {
			isa = PBXShellScriptBuildPhase;
			buildActionMask = 2147483647;
			files = (
			);
			inputPaths = (
			);
			name = "Copy Pods Resources";
			outputPaths = (
			);
			runOnlyForDeploymentPostprocessing = 0;
			shellPath = /bin/sh;
			shellScript = "\"${SRCROOT}/Pods/Target Support Files/Pods-GOOD Fridays/Pods-GOOD Fridays-resources.sh\"\n";
			showEnvVarsInLog = 0;
		};
		65774A891C5B581F000651D4 /* ShellScript */ = {
			isa = PBXShellScriptBuildPhase;
			buildActionMask = 2147483647;
			files = (
			);
			inputPaths = (
			);
			outputPaths = (
			);
			runOnlyForDeploymentPostprocessing = 0;
			shellPath = /bin/sh;
			shellScript = "\"${PODS_ROOT}/Fabric/run\" 9b00e00d9edcbfbd35c621f9f13c1297d540ee6f 656df76d8d331105c5bf02dbd23eaedffb74dc19ebf910f78a9871e97c20c6bb";
		};
		6CF10A399C60E5522685575F /* Check Pods Manifest.lock */ = {
			isa = PBXShellScriptBuildPhase;
			buildActionMask = 2147483647;
			files = (
			);
			inputPaths = (
			);
			name = "Check Pods Manifest.lock";
			outputPaths = (
			);
			runOnlyForDeploymentPostprocessing = 0;
			shellPath = /bin/sh;
			shellScript = "diff \"${PODS_ROOT}/../Podfile.lock\" \"${PODS_ROOT}/Manifest.lock\" > /dev/null\nif [[ $? != 0 ]] ; then\n    cat << EOM\nerror: The sandbox is not in sync with the Podfile.lock. Run 'pod install' or update your CocoaPods installation.\nEOM\n    exit 1\nfi\n";
			showEnvVarsInLog = 0;
		};
		6EDD2F9AE0B650F15FB82587 /* Copy Pods Resources */ = {
			isa = PBXShellScriptBuildPhase;
			buildActionMask = 2147483647;
			files = (
			);
			inputPaths = (
			);
			name = "Copy Pods Resources";
			outputPaths = (
			);
			runOnlyForDeploymentPostprocessing = 0;
			shellPath = /bin/sh;
			shellScript = "\"${SRCROOT}/Pods/Target Support Files/Pods-GOOD FridaysTests/Pods-GOOD FridaysTests-resources.sh\"\n";
			showEnvVarsInLog = 0;
		};
		83D0BA02DFE4A6B3E9123B7B /* Check Pods Manifest.lock */ = {
			isa = PBXShellScriptBuildPhase;
			buildActionMask = 2147483647;
			files = (
			);
			inputPaths = (
			);
			name = "Check Pods Manifest.lock";
			outputPaths = (
			);
			runOnlyForDeploymentPostprocessing = 0;
			shellPath = /bin/sh;
			shellScript = "diff \"${PODS_ROOT}/../Podfile.lock\" \"${PODS_ROOT}/Manifest.lock\" > /dev/null\nif [[ $? != 0 ]] ; then\n    cat << EOM\nerror: The sandbox is not in sync with the Podfile.lock. Run 'pod install' or update your CocoaPods installation.\nEOM\n    exit 1\nfi\n";
			showEnvVarsInLog = 0;
		};
		EA1EB06E64E04D117C687AFB /* Embed Pods Frameworks */ = {
			isa = PBXShellScriptBuildPhase;
			buildActionMask = 2147483647;
			files = (
			);
			inputPaths = (
			);
			name = "Embed Pods Frameworks";
			outputPaths = (
			);
			runOnlyForDeploymentPostprocessing = 0;
			shellPath = /bin/sh;
			shellScript = "\"${SRCROOT}/Pods/Target Support Files/Pods-GOOD FridaysTests/Pods-GOOD FridaysTests-frameworks.sh\"\n";
			showEnvVarsInLog = 0;
		};
		ECB39F3C46CD4C443DE6EE4B /* Copy Pods Resources */ = {
			isa = PBXShellScriptBuildPhase;
			buildActionMask = 2147483647;
			files = (
			);
			inputPaths = (
			);
			name = "Copy Pods Resources";
			outputPaths = (
			);
			runOnlyForDeploymentPostprocessing = 0;
			shellPath = /bin/sh;
			shellScript = "\"${SRCROOT}/Pods/Target Support Files/Pods-GOOD FridaysUITests/Pods-GOOD FridaysUITests-resources.sh\"\n";
			showEnvVarsInLog = 0;
		};
/* End PBXShellScriptBuildPhase section */

/* Begin PBXSourcesBuildPhase section */
		653057541C4F77240067A1A3 /* Sources */ = {
			isa = PBXSourcesBuildPhase;
			buildActionMask = 2147483647;
			files = (
				65EE70461C5711C900E377CC /* Global.swift in Sources */,
				6516BBCF1C50636E005F6C83 /* TrackPageViewController.swift in Sources */,
				6515EC121C57444B00783D35 /* TrackCollectionViewController.swift in Sources */,
				6516BBD11C5065A8005F6C83 /* TrackViewController.swift in Sources */,
				6515EC161C5749CD00783D35 /* TrackCollectionViewCell.swift in Sources */,
				6530575C1C4F77240067A1A3 /* AppDelegate.swift in Sources */,
			);
			runOnlyForDeploymentPostprocessing = 0;
		};
		653057681C4F77250067A1A3 /* Sources */ = {
			isa = PBXSourcesBuildPhase;
			buildActionMask = 2147483647;
			files = (
				653057711C4F77250067A1A3 /* GOOD_FridaysTests.swift in Sources */,
			);
			runOnlyForDeploymentPostprocessing = 0;
		};
		653057731C4F77250067A1A3 /* Sources */ = {
			isa = PBXSourcesBuildPhase;
			buildActionMask = 2147483647;
			files = (
				6530577C1C4F77250067A1A3 /* GOOD_FridaysUITests.swift in Sources */,
			);
			runOnlyForDeploymentPostprocessing = 0;
		};
/* End PBXSourcesBuildPhase section */

/* Begin PBXTargetDependency section */
		6530576E1C4F77250067A1A3 /* PBXTargetDependency */ = {
			isa = PBXTargetDependency;
			target = 653057571C4F77240067A1A3 /* GOOD Fridays */;
			targetProxy = 6530576D1C4F77250067A1A3 /* PBXContainerItemProxy */;
		};
		653057791C4F77250067A1A3 /* PBXTargetDependency */ = {
			isa = PBXTargetDependency;
			target = 653057571C4F77240067A1A3 /* GOOD Fridays */;
			targetProxy = 653057781C4F77250067A1A3 /* PBXContainerItemProxy */;
		};
/* End PBXTargetDependency section */

/* Begin PBXVariantGroup section */
		6530575F1C4F77250067A1A3 /* Main.storyboard */ = {
			isa = PBXVariantGroup;
			children = (
				653057601C4F77250067A1A3 /* Base */,
			);
			name = Main.storyboard;
			sourceTree = "<group>";
		};
		653057641C4F77250067A1A3 /* LaunchScreen.storyboard */ = {
			isa = PBXVariantGroup;
			children = (
				653057651C4F77250067A1A3 /* Base */,
			);
			name = LaunchScreen.storyboard;
			sourceTree = "<group>";
		};
/* End PBXVariantGroup section */

/* Begin XCBuildConfiguration section */
		6530577E1C4F77250067A1A3 /* Debug */ = {
			isa = XCBuildConfiguration;
			buildSettings = {
				ALWAYS_SEARCH_USER_PATHS = NO;
				CLANG_CXX_LANGUAGE_STANDARD = "gnu++0x";
				CLANG_CXX_LIBRARY = "libc++";
				CLANG_ENABLE_MODULES = YES;
				CLANG_ENABLE_OBJC_ARC = YES;
				CLANG_WARN_BOOL_CONVERSION = YES;
				CLANG_WARN_CONSTANT_CONVERSION = YES;
				CLANG_WARN_DIRECT_OBJC_ISA_USAGE = YES_ERROR;
				CLANG_WARN_EMPTY_BODY = YES;
				CLANG_WARN_ENUM_CONVERSION = YES;
				CLANG_WARN_INT_CONVERSION = YES;
				CLANG_WARN_OBJC_ROOT_CLASS = YES_ERROR;
				CLANG_WARN_UNREACHABLE_CODE = YES;
				CLANG_WARN__DUPLICATE_METHOD_MATCH = YES;
				"CODE_SIGN_IDENTITY[sdk=iphoneos*]" = "iPhone Developer";
				COPY_PHASE_STRIP = NO;
				DEBUG_INFORMATION_FORMAT = dwarf;
				ENABLE_STRICT_OBJC_MSGSEND = YES;
				ENABLE_TESTABILITY = YES;
				GCC_C_LANGUAGE_STANDARD = gnu99;
				GCC_DYNAMIC_NO_PIC = NO;
				GCC_NO_COMMON_BLOCKS = YES;
				GCC_OPTIMIZATION_LEVEL = 0;
				GCC_PREPROCESSOR_DEFINITIONS = (
					"DEBUG=1",
					"$(inherited)",
				);
				GCC_WARN_64_TO_32_BIT_CONVERSION = YES;
				GCC_WARN_ABOUT_RETURN_TYPE = YES_ERROR;
				GCC_WARN_UNDECLARED_SELECTOR = YES;
				GCC_WARN_UNINITIALIZED_AUTOS = YES_AGGRESSIVE;
				GCC_WARN_UNUSED_FUNCTION = YES;
				GCC_WARN_UNUSED_VARIABLE = YES;
				IPHONEOS_DEPLOYMENT_TARGET = 9.2;
				MTL_ENABLE_DEBUG_INFO = YES;
				ONLY_ACTIVE_ARCH = YES;
				SDKROOT = iphoneos;
				SWIFT_OPTIMIZATION_LEVEL = "-Onone";
				TARGETED_DEVICE_FAMILY = "1,2";
			};
			name = Debug;
		};
		6530577F1C4F77250067A1A3 /* Release */ = {
			isa = XCBuildConfiguration;
			buildSettings = {
				ALWAYS_SEARCH_USER_PATHS = NO;
				CLANG_CXX_LANGUAGE_STANDARD = "gnu++0x";
				CLANG_CXX_LIBRARY = "libc++";
				CLANG_ENABLE_MODULES = YES;
				CLANG_ENABLE_OBJC_ARC = YES;
				CLANG_WARN_BOOL_CONVERSION = YES;
				CLANG_WARN_CONSTANT_CONVERSION = YES;
				CLANG_WARN_DIRECT_OBJC_ISA_USAGE = YES_ERROR;
				CLANG_WARN_EMPTY_BODY = YES;
				CLANG_WARN_ENUM_CONVERSION = YES;
				CLANG_WARN_INT_CONVERSION = YES;
				CLANG_WARN_OBJC_ROOT_CLASS = YES_ERROR;
				CLANG_WARN_UNREACHABLE_CODE = YES;
				CLANG_WARN__DUPLICATE_METHOD_MATCH = YES;
				"CODE_SIGN_IDENTITY[sdk=iphoneos*]" = "iPhone Developer";
				COPY_PHASE_STRIP = NO;
				DEBUG_INFORMATION_FORMAT = "dwarf-with-dsym";
				ENABLE_NS_ASSERTIONS = NO;
				ENABLE_STRICT_OBJC_MSGSEND = YES;
				GCC_C_LANGUAGE_STANDARD = gnu99;
				GCC_NO_COMMON_BLOCKS = YES;
				GCC_WARN_64_TO_32_BIT_CONVERSION = YES;
				GCC_WARN_ABOUT_RETURN_TYPE = YES_ERROR;
				GCC_WARN_UNDECLARED_SELECTOR = YES;
				GCC_WARN_UNINITIALIZED_AUTOS = YES_AGGRESSIVE;
				GCC_WARN_UNUSED_FUNCTION = YES;
				GCC_WARN_UNUSED_VARIABLE = YES;
				IPHONEOS_DEPLOYMENT_TARGET = 9.2;
				MTL_ENABLE_DEBUG_INFO = NO;
				SDKROOT = iphoneos;
				TARGETED_DEVICE_FAMILY = "1,2";
				VALIDATE_PRODUCT = YES;
			};
			name = Release;
		};
		653057811C4F77250067A1A3 /* Debug */ = {
			isa = XCBuildConfiguration;
			baseConfigurationReference = B383EC58B30252841D7FE294 /* Pods-GOOD Fridays.debug.xcconfig */;
			buildSettings = {
				ASSETCATALOG_COMPILER_APPICON_NAME = AppIcon;
				CODE_SIGN_IDENTITY = "iPhone Developer";
				CURRENT_PROJECT_VERSION = 5;
				INFOPLIST_FILE = "GOOD Fridays/Info.plist";
				IPHONEOS_DEPLOYMENT_TARGET = 9.0;
				LD_RUNPATH_SEARCH_PATHS = "$(inherited) @executable_path/Frameworks";
				PRODUCT_BUNDLE_IDENTIFIER = "com.ianhirschfeld.GOOD-Fridays";
				PRODUCT_NAME = "$(TARGET_NAME)";
				SWIFT_OBJC_BRIDGING_HEADER = "GOOD Fridays/GOOD-Fridays-Bridging-Header.h";
			};
			name = Debug;
		};
		653057821C4F77250067A1A3 /* Release */ = {
			isa = XCBuildConfiguration;
			baseConfigurationReference = 0F7CC94329E6EBA8F75858D7 /* Pods-GOOD Fridays.release.xcconfig */;
			buildSettings = {
				ASSETCATALOG_COMPILER_APPICON_NAME = AppIcon;
				CODE_SIGN_IDENTITY = "iPhone Developer";
				CURRENT_PROJECT_VERSION = 5;
				INFOPLIST_FILE = "GOOD Fridays/Info.plist";
				IPHONEOS_DEPLOYMENT_TARGET = 9.0;
				LD_RUNPATH_SEARCH_PATHS = "$(inherited) @executable_path/Frameworks";
				PRODUCT_BUNDLE_IDENTIFIER = "com.ianhirschfeld.GOOD-Fridays";
				PRODUCT_NAME = "$(TARGET_NAME)";
				SWIFT_OBJC_BRIDGING_HEADER = "GOOD Fridays/GOOD-Fridays-Bridging-Header.h";
			};
			name = Release;
		};
		653057841C4F77250067A1A3 /* Debug */ = {
			isa = XCBuildConfiguration;
			baseConfigurationReference = 7EAFA7309F760FFE21BE9826 /* Pods-GOOD FridaysTests.debug.xcconfig */;
			buildSettings = {
				BUNDLE_LOADER = "$(TEST_HOST)";
				INFOPLIST_FILE = "GOOD FridaysTests/Info.plist";
				LD_RUNPATH_SEARCH_PATHS = "$(inherited) @executable_path/Frameworks @loader_path/Frameworks";
				PRODUCT_BUNDLE_IDENTIFIER = "com.ianhirschfeld.GOOD-Fridays";
				PRODUCT_NAME = "$(TARGET_NAME)";
				TEST_HOST = "$(BUILT_PRODUCTS_DIR)/GOOD Fridays.app/GOOD Fridays";
			};
			name = Debug;
		};
		653057851C4F77250067A1A3 /* Release */ = {
			isa = XCBuildConfiguration;
			baseConfigurationReference = 422A15B07FB3964F5F2F78E0 /* Pods-GOOD FridaysTests.release.xcconfig */;
			buildSettings = {
				BUNDLE_LOADER = "$(TEST_HOST)";
				INFOPLIST_FILE = "GOOD FridaysTests/Info.plist";
				LD_RUNPATH_SEARCH_PATHS = "$(inherited) @executable_path/Frameworks @loader_path/Frameworks";
				PRODUCT_BUNDLE_IDENTIFIER = "com.ianhirschfeld.GOOD-Fridays";
				PRODUCT_NAME = "$(TARGET_NAME)";
				TEST_HOST = "$(BUILT_PRODUCTS_DIR)/GOOD Fridays.app/GOOD Fridays";
			};
			name = Release;
		};
		653057871C4F77250067A1A3 /* Debug */ = {
			isa = XCBuildConfiguration;
			baseConfigurationReference = 8E987C572166F0DB80BEEB9E /* Pods-GOOD FridaysUITests.debug.xcconfig */;
			buildSettings = {
				INFOPLIST_FILE = "GOOD FridaysUITests/Info.plist";
				LD_RUNPATH_SEARCH_PATHS = "$(inherited) @executable_path/Frameworks @loader_path/Frameworks";
				PRODUCT_BUNDLE_IDENTIFIER = "com.ianhirschfeld.GOOD-Fridays";
				PRODUCT_NAME = "$(TARGET_NAME)";
				TEST_TARGET_NAME = "GOOD Fridays";
				USES_XCTRUNNER = YES;
			};
			name = Debug;
		};
		653057881C4F77250067A1A3 /* Release */ = {
			isa = XCBuildConfiguration;
			baseConfigurationReference = 23623987D627B8D8CB1AD7D4 /* Pods-GOOD FridaysUITests.release.xcconfig */;
			buildSettings = {
				INFOPLIST_FILE = "GOOD FridaysUITests/Info.plist";
				LD_RUNPATH_SEARCH_PATHS = "$(inherited) @executable_path/Frameworks @loader_path/Frameworks";
				PRODUCT_BUNDLE_IDENTIFIER = "com.ianhirschfeld.GOOD-Fridays";
				PRODUCT_NAME = "$(TARGET_NAME)";
				TEST_TARGET_NAME = "GOOD Fridays";
				USES_XCTRUNNER = YES;
			};
			name = Release;
		};
/* End XCBuildConfiguration section */

/* Begin XCConfigurationList section */
		653057531C4F77240067A1A3 /* Build configuration list for PBXProject "GOOD Fridays" */ = {
			isa = XCConfigurationList;
			buildConfigurations = (
				6530577E1C4F77250067A1A3 /* Debug */,
				6530577F1C4F77250067A1A3 /* Release */,
			);
			defaultConfigurationIsVisible = 0;
			defaultConfigurationName = Release;
		};
		653057801C4F77250067A1A3 /* Build configuration list for PBXNativeTarget "GOOD Fridays" */ = {
			isa = XCConfigurationList;
			buildConfigurations = (
				653057811C4F77250067A1A3 /* Debug */,
				653057821C4F77250067A1A3 /* Release */,
			);
			defaultConfigurationIsVisible = 0;
			defaultConfigurationName = Release;
		};
		653057831C4F77250067A1A3 /* Build configuration list for PBXNativeTarget "GOOD FridaysTests" */ = {
			isa = XCConfigurationList;
			buildConfigurations = (
				653057841C4F77250067A1A3 /* Debug */,
				653057851C4F77250067A1A3 /* Release */,
			);
			defaultConfigurationIsVisible = 0;
			defaultConfigurationName = Release;
		};
		653057861C4F77250067A1A3 /* Build configuration list for PBXNativeTarget "GOOD FridaysUITests" */ = {
			isa = XCConfigurationList;
			buildConfigurations = (
				653057871C4F77250067A1A3 /* Debug */,
				653057881C4F77250067A1A3 /* Release */,
			);
			defaultConfigurationIsVisible = 0;
			defaultConfigurationName = Release;
		};
/* End XCConfigurationList section */
	};
	rootObject = 653057501C4F77240067A1A3 /* Project object */;
}
